Microsoft Visual Studio Solution File, Format Version 11.00
# Visual Studio 2010
Project("{8BC9CEB8-8B4A-11D0-8D11-00A0C91BC942}") = "k-meleon", "KMeleon.vcxproj", "{4B38A1DD-A666-CA5E-015D-AB0F9E1EBD2A}"
EndProject
Project("{8BC9CEB8-8B4A-11D0-8D11-00A0C91BC942}") = "bmpmenu", "bmp_menu\bmp_menu.vcxproj", "{EE052069-DC9E-239E-CD1F-0A41470707DE}"
EndProject
Project("{8BC9CEB8-8B4A-11D0-8D11-00A0C91BC942}") = "fullscreen", "fullscreen\fullscreen.vcxproj", "{6FC181BD-B646-E413-708A-C31D0DCC79EF}"
EndProject
Project("{8BC9CEB8-8B4A-11D0-8D11-00A0C91BC942}") = "loader", "loader\loader.vcxproj", "{0B656C7A-CE4A-12A2-CD17-6165305052CF}"
EndProject
Project("{8BC9CEB8-8B4A-11D0-8D11-00A0C91BC942}") = "bookmarks", "ns_bookmarks\ns_bookmarks.vcxproj", "{0F64281F-C47C-4AC4-BE56-CC1C181A05D8}"
EndProject
Project("{8BC9CEB8-8B4A-11D0-8D11-00A0C91BC942}") = "hotlist", "op_hotlist\op_hotlist.vcxproj", "{B398B89D-1AE3-5E8F-46A2-8E2FC1D5C5A0}"
EndProject
Project("{8BC9CEB8-8B4A-11D0-8D11-00A0C91BC942}") = "rebarmenu", "rebar_menu\rebar_menu.vcxproj", "{709D8FDF-55A7-0FF6-51BD-985A38B93048}"
EndProject
Project("{8BC9CEB8-8B4A-11D0-8D11-00A0C91BC942}") = "toolbars", "toolbars\toolbars.vcxproj", "{982BD4FC-FB98-ED1F-1F96-233D31A940C4}"
EndProject
Project("{8BC9CEB8-8B4A-11D0-8D11-00A0C91BC942}") = "privacy", "privacy\privacy.vcxproj", "{F80DCDF9-D001-47F7-97D5-26EF62BF91AF}"
EndProject
Project("{8BC9CEB8-8B4A-11D0-8D11-00A0C91BC942}") = "gestures", "gestures\gestures.vcxproj", "{2E6C70BF-E9CA-416A-B341-2B8550919D9E}"
EndProject
Project("{8BC9CEB8-8B4A-11D0-8D11-00A0C91BC942}") = "favorites", "ie_favorites\favorites2.vcxproj", "{3632B1A3-8D3C-468B-8AA7-1BAC8A367ED5}"
EndProject
Project("{8BC9CEB8-8B4A-11D0-8D11-00A0C91BC942}") = "sessions", "sessions\sessions.vcxproj", "{43FF5741-2BA4-4191-A0E3-DB8BC27685CB}"
EndProject
Project("{8BC9CEB8-8B4A-11D0-8D11-00A0C91BC942}") = "macros", "macros2\macros2.vcxproj", "{CE210F14-2644-487C-86CA-1E2CB2E04490}"
EndProject
Project("{8BC9CEB8-8B4A-11D0-8D11-00A0C91BC942}") = "JSBridge", "JSBridge\JSBridge.vcxproj", "{5F7A1684-E791-4F70-A24F-FC6726273512}"
EndProject
Global
	GlobalSection(SolutionConfigurationPlatforms) = preSolution
		Debug|Win32 = Debug|Win32
		Release|Win32 = Release|Win32
	EndGlobalSection
	GlobalSection(ProjectConfigurationPlatforms) = postSolution
		{4B38A1DD-A666-CA5E-015D-AB0F9E1EBD2A}.Debug|Win32.ActiveCfg = Debug Unicode|Win32
		{4B38A1DD-A666-CA5E-015D-AB0F9E1EBD2A}.Release|Win32.ActiveCfg = Release Unicode|Win32
		{4B38A1DD-A666-CA5E-015D-AB0F9E1EBD2A}.Release|Win32.Build.0 = Release Unicode|Win32
		{EE052069-DC9E-239E-CD1F-0A41470707DE}.Debug|Win32.ActiveCfg = Debug|Win32
		{EE052069-DC9E-239E-CD1F-0A41470707DE}.Release|Win32.ActiveCfg = Release|Win32
		{EE052069-DC9E-239E-CD1F-0A41470707DE}.Release|Win32.Build.0 = Release|Win32
		{6FC181BD-B646-E413-708A-C31D0DCC79EF}.Debug|Win32.ActiveCfg = Debug|Win32
		{6FC181BD-B646-E413-708A-C31D0DCC79EF}.Release|Win32.ActiveCfg = Release|Win32
		{6FC181BD-B646-E413-708A-C31D0DCC79EF}.Release|Win32.Build.0 = Release|Win32
		{0B656C7A-CE4A-12A2-CD17-6165305052CF}.Debug|Win32.ActiveCfg = Debug|Win32
		{0B656C7A-CE4A-12A2-CD17-6165305052CF}.Release|Win32.ActiveCfg = Release|Win32
		{0B656C7A-CE4A-12A2-CD17-6165305052CF}.Release|Win32.Build.0 = Release|Win32
		{0F64281F-C47C-4AC4-BE56-CC1C181A05D8}.Debug|Win32.ActiveCfg = Debug Unicode|Win32
		{0F64281F-C47C-4AC4-BE56-CC1C181A05D8}.Release|Win32.ActiveCfg = Release Unicode|Win32
		{0F64281F-C47C-4AC4-BE56-CC1C181A05D8}.Release|Win32.Build.0 = Release Unicode|Win32
		{B398B89D-1AE3-5E8F-46A2-8E2FC1D5C5A0}.Debug|Win32.ActiveCfg = Debug|Win32
		{B398B89D-1AE3-5E8F-46A2-8E2FC1D5C5A0}.Release|Win32.ActiveCfg = Release|Win32
		{B398B89D-1AE3-5E8F-46A2-8E2FC1D5C5A0}.Release|Win32.Build.0 = Release|Win32
		{709D8FDF-55A7-0FF6-51BD-985A38B93048}.Debug|Win32.ActiveCfg = Debug|Win32
		{709D8FDF-55A7-0FF6-51BD-985A38B93048}.Release|Win32.ActiveCfg = Release|Win32
		{709D8FDF-55A7-0FF6-51BD-985A38B93048}.Release|Win32.Build.0 = Release|Win32
		{982BD4FC-FB98-ED1F-1F96-233D31A940C4}.Debug|Win32.ActiveCfg = Debug|Win32
		{982BD4FC-FB98-ED1F-1F96-233D31A940C4}.Release|Win32.ActiveCfg = Release|Win32
		{982BD4FC-FB98-ED1F-1F96-233D31A940C4}.Release|Win32.Build.0 = Release|Win32
		{F80DCDF9-D001-47F7-97D5-26EF62BF91AF}.Debug|Win32.ActiveCfg = Debug|Win32
		{F80DCDF9-D001-47F7-97D5-26EF62BF91AF}.Debug|Win32.Build.0 = Debug|Win32
		{F80DCDF9-D001-47F7-97D5-26EF62BF91AF}.Release|Win32.ActiveCfg = Release|Win32
		{F80DCDF9-D001-47F7-97D5-26EF62BF91AF}.Release|Win32.Build.0 = Release|Win32
		{2E6C70BF-E9CA-416A-B341-2B8550919D9E}.Debug|Win32.ActiveCfg = Debug|Win32
		{2E6C70BF-E9CA-416A-B341-2B8550919D9E}.Debug|Win32.Build.0 = Debug|Win32
		{2E6C70BF-E9CA-416A-B341-2B8550919D9E}.Release|Win32.ActiveCfg = Release|Win32
		{2E6C70BF-E9CA-416A-B341-2B8550919D9E}.Release|Win32.Build.0 = Release|Win32
		{3632B1A3-8D3C-468B-8AA7-1BAC8A367ED5}.Debug|Win32.ActiveCfg = Debug|Win32
		{3632B1A3-8D3C-468B-8AA7-1BAC8A367ED5}.Debug|Win32.Build.0 = Debug|Win32
		{3632B1A3-8D3C-468B-8AA7-1BAC8A367ED5}.Release|Win32.ActiveCfg = Release|Win32
		{3632B1A3-8D3C-468B-8AA7-1BAC8A367ED5}.Release|Win32.Build.0 = Release|Win32
		{43FF5741-2BA4-4191-A0E3-DB8BC27685CB}.Debug|Win32.ActiveCfg = Debug Unicode|Win32
		{43FF5741-2BA4-4191-A0E3-DB8BC27685CB}.Debug|Win32.Build.0 = Debug Unicode|Win32
		{43FF5741-2BA4-4191-A0E3-DB8BC27685CB}.Release|Win32.ActiveCfg = Release|Win32
		{43FF5741-2BA4-4191-A0E3-DB8BC27685CB}.Release|Win32.Build.0 = Release|Win32
		{CE210F14-2644-487C-86CA-1E2CB2E04490}.Debug|Win32.ActiveCfg = Debug|Win32
		{CE210F14-2644-487C-86CA-1E2CB2E04490}.Debug|Win32.Build.0 = Debug|Win32
		{CE210F14-2644-487C-86CA-1E2CB2E04490}.Release|Win32.ActiveCfg = Release|Win32
		{CE210F14-2644-487C-86CA-1E2CB2E04490}.Release|Win32.Build.0 = Release|Win32
		{5F7A1684-E791-4F70-A24F-FC6726273512}.Debug|Win32.ActiveCfg = Debug|Win32
		{5F7A1684-E791-4F70-A24F-FC6726273512}.Debug|Win32.Build.0 = Debug|Win32
		{5F7A1684-E791-4F70-A24F-FC6726273512}.Release|Win32.ActiveCfg = Release|Win32
		{5F7A1684-E791-4F70-A24F-FC6726273512}.Release|Win32.Build.0 = Release|Win32
	EndGlobalSection
	GlobalSection(SolutionProperties) = preSolution
		HideSolutionNode = FALSE
	EndGlobalSection
EndGlobal
