Microsoft Visual Studio Solution File, Format Version 12.00
# Visual Studio 2013
VisualStudioVersion = 12.0.40629.0
MinimumVisualStudioVersion = 10.0.40219.1
Project("{8BC9CEB8-8B4A-11D0-8D11-00A0C91BC942}") = "k-meleon", "KMeleon.vcproj", "{A1E2BBD2-452C-41F6-A64A-9476398A17DA}"
EndProject
Project("{8BC9CEB8-8B4A-11D0-8D11-00A0C91BC942}") = "Layers", "layers\Layers.vcproj", "{A893706A-93AF-4905-B9B9-125F9F961CF2}"
EndProject
Project("{8BC9CEB8-8B4A-11D0-8D11-00A0C91BC942}") = "bmpmenu", "bmp_menu\bmp_menu.vcproj", "{F2E464B0-F87F-4482-B32D-031B63E681E2}"
EndProject
Project("{8BC9CEB8-8B4A-11D0-8D11-00A0C91BC942}") = "external", "External\external.vcproj", "{802755E1-6059-4C25-BB24-48CC17D12254}"
EndProject
Project("{8BC9CEB8-8B4A-11D0-8D11-00A0C91BC942}") = "fullscreen", "fullscreen\fullscreen.vcproj", "{014A6ED5-5295-44BF-97B1-5569A8C2A7F3}"
EndProject
Project("{8BC9CEB8-8B4A-11D0-8D11-00A0C91BC942}") = "history", "history\history.vcproj", "{9C40A520-37BA-4997-BC72-4EE98E32513A}"
EndProject
Project("{8BC9CEB8-8B4A-11D0-8D11-00A0C91BC942}") = "loader", "loader\loader.vcxproj", "{DF7D017C-AE43-428E-A575-A329D951529F}"
EndProject
Project("{8BC9CEB8-8B4A-11D0-8D11-00A0C91BC942}") = "macros", "macros\macros.vcproj", "{8E2AA109-176D-4DCC-81B3-078AFD3A5138}"
EndProject
Project("{8BC9CEB8-8B4A-11D0-8D11-00A0C91BC942}") = "bookmarks", "ns_bookmarks\ns_bookmarks.vcproj", "{E32EA49A-59D4-4898-805F-1732B2F4D302}"
EndProject
Project("{8BC9CEB8-8B4A-11D0-8D11-00A0C91BC942}") = "hotlist", "op_hotlist\op_hotlist.vcproj", "{553F5B8A-CB70-4766-9EFC-222748AAA006}"
EndProject
Project("{8BC9CEB8-8B4A-11D0-8D11-00A0C91BC942}") = "rebarmenu", "rebar_menu\rebar_menu.vcproj", "{839F0F46-8C0A-425D-B70A-40A1D8ACBE90}"
EndProject
Project("{8BC9CEB8-8B4A-11D0-8D11-00A0C91BC942}") = "toolbars", "toolbars\toolbars.vcproj", "{97C153A5-A4F6-4AD7-971B-F6C747558AC4}"
EndProject
Project("{8BC9CEB8-8B4A-11D0-8D11-00A0C91BC942}") = "privacy", "privacy\privacy.vcproj", "{F80DCDF9-D001-47F7-97D5-26EF62BF91AF}"
EndProject
Project("{8BC9CEB8-8B4A-11D0-8D11-00A0C91BC942}") = "gestures", "gestures\gestures.vcproj", "{2E6C70BF-E9CA-416A-B341-2B8550919D9E}"
EndProject
Project("{8BC9CEB8-8B4A-11D0-8D11-00A0C91BC942}") = "favorites", "ie_favorites\favorites2.vcproj", "{3632B1A3-8D3C-468B-8AA7-1BAC8A367ED5}"
EndProject
Project("{8BC9CEB8-8B4A-11D0-8D11-00A0C91BC942}") = "sessions", "sessions\sessions.vcproj", "{43FF5741-2BA4-4191-A0E3-DB8BC27685CB}"
EndProject
Project("{8BC9CEB8-8B4A-11D0-8D11-00A0C91BC942}") = "macros2", "macros2\macros2.vcproj", "{CE210F14-2644-487C-86CA-1E2CB2E04490}"
EndProject
Project("{8BC9CEB8-8B4A-11D0-8D11-00A0C91BC942}") = "JSBridge", "JSBridge\JSBridge.vcproj", "{5F7A1684-E791-4F70-A24F-FC6726273512}"
EndProject
Global
	GlobalSection(SolutionConfigurationPlatforms) = preSolution
		Debug Unicode|Win32 = Debug Unicode|Win32
		Debug|Win32 = Debug|Win32
		Release MFC Static Unicode|Win32 = Release MFC Static Unicode|Win32
		Release MFC Static|Win32 = Release MFC Static|Win32
		Release Unicode|Win32 = Release Unicode|Win32
		Release|Win32 = Release|Win32
	EndGlobalSection
	GlobalSection(ProjectConfigurationPlatforms) = postSolution
		{A1E2BBD2-452C-41F6-A64A-9476398A17DA}.Debug Unicode|Win32.ActiveCfg = Debug Unicode|Win32
		{A1E2BBD2-452C-41F6-A64A-9476398A17DA}.Debug|Win32.ActiveCfg = Debug|Win32
		{A1E2BBD2-452C-41F6-A64A-9476398A17DA}.Release MFC Static Unicode|Win32.ActiveCfg = Release MFC Static Unicode|Win32
		{A1E2BBD2-452C-41F6-A64A-9476398A17DA}.Release MFC Static|Win32.ActiveCfg = Release MFC Static|Win32
		{A1E2BBD2-452C-41F6-A64A-9476398A17DA}.Release Unicode|Win32.ActiveCfg = Release Unicode|Win32
		{A1E2BBD2-452C-41F6-A64A-9476398A17DA}.Release|Win32.ActiveCfg = Release|Win32
		{A893706A-93AF-4905-B9B9-125F9F961CF2}.Debug Unicode|Win32.ActiveCfg = Debug|Win32
		{A893706A-93AF-4905-B9B9-125F9F961CF2}.Debug|Win32.ActiveCfg = Debug|Win32
		{A893706A-93AF-4905-B9B9-125F9F961CF2}.Release MFC Static Unicode|Win32.ActiveCfg = Release|Win32
		{A893706A-93AF-4905-B9B9-125F9F961CF2}.Release MFC Static|Win32.ActiveCfg = Release|Win32
		{A893706A-93AF-4905-B9B9-125F9F961CF2}.Release Unicode|Win32.ActiveCfg = Release|Win32
		{A893706A-93AF-4905-B9B9-125F9F961CF2}.Release|Win32.ActiveCfg = Release|Win32
		{F2E464B0-F87F-4482-B32D-031B63E681E2}.Debug Unicode|Win32.ActiveCfg = Debug|Win32
		{F2E464B0-F87F-4482-B32D-031B63E681E2}.Debug|Win32.ActiveCfg = Debug|Win32
		{F2E464B0-F87F-4482-B32D-031B63E681E2}.Release MFC Static Unicode|Win32.ActiveCfg = Release|Win32
		{F2E464B0-F87F-4482-B32D-031B63E681E2}.Release MFC Static|Win32.ActiveCfg = Release|Win32
		{F2E464B0-F87F-4482-B32D-031B63E681E2}.Release Unicode|Win32.ActiveCfg = Release|Win32
		{F2E464B0-F87F-4482-B32D-031B63E681E2}.Release|Win32.ActiveCfg = Release|Win32
		{802755E1-6059-4C25-BB24-48CC17D12254}.Debug Unicode|Win32.ActiveCfg = Debug|Win32
		{802755E1-6059-4C25-BB24-48CC17D12254}.Debug|Win32.ActiveCfg = Debug|Win32
		{802755E1-6059-4C25-BB24-48CC17D12254}.Release MFC Static Unicode|Win32.ActiveCfg = Release|Win32
		{802755E1-6059-4C25-BB24-48CC17D12254}.Release MFC Static|Win32.ActiveCfg = Release|Win32
		{802755E1-6059-4C25-BB24-48CC17D12254}.Release Unicode|Win32.ActiveCfg = Release|Win32
		{802755E1-6059-4C25-BB24-48CC17D12254}.Release|Win32.ActiveCfg = Release|Win32
		{014A6ED5-5295-44BF-97B1-5569A8C2A7F3}.Debug Unicode|Win32.ActiveCfg = Debug|Win32
		{014A6ED5-5295-44BF-97B1-5569A8C2A7F3}.Debug|Win32.ActiveCfg = Debug|Win32
		{014A6ED5-5295-44BF-97B1-5569A8C2A7F3}.Release MFC Static Unicode|Win32.ActiveCfg = Release|Win32
		{014A6ED5-5295-44BF-97B1-5569A8C2A7F3}.Release MFC Static|Win32.ActiveCfg = Release|Win32
		{014A6ED5-5295-44BF-97B1-5569A8C2A7F3}.Release Unicode|Win32.ActiveCfg = Release|Win32
		{014A6ED5-5295-44BF-97B1-5569A8C2A7F3}.Release|Win32.ActiveCfg = Release|Win32
		{9C40A520-37BA-4997-BC72-4EE98E32513A}.Debug Unicode|Win32.ActiveCfg = Debug|Win32
		{9C40A520-37BA-4997-BC72-4EE98E32513A}.Debug|Win32.ActiveCfg = Debug|Win32
		{9C40A520-37BA-4997-BC72-4EE98E32513A}.Release MFC Static Unicode|Win32.ActiveCfg = Release|Win32
		{9C40A520-37BA-4997-BC72-4EE98E32513A}.Release MFC Static|Win32.ActiveCfg = Release|Win32
		{9C40A520-37BA-4997-BC72-4EE98E32513A}.Release Unicode|Win32.ActiveCfg = Release|Win32
		{9C40A520-37BA-4997-BC72-4EE98E32513A}.Release|Win32.ActiveCfg = Release|Win32
		{DF7D017C-AE43-428E-A575-A329D951529F}.Debug Unicode|Win32.ActiveCfg = Debug|Win32
		{DF7D017C-AE43-428E-A575-A329D951529F}.Debug Unicode|Win32.Build.0 = Debug|Win32
		{DF7D017C-AE43-428E-A575-A329D951529F}.Debug|Win32.ActiveCfg = Debug|Win32
		{DF7D017C-AE43-428E-A575-A329D951529F}.Debug|Win32.Build.0 = Debug|Win32
		{DF7D017C-AE43-428E-A575-A329D951529F}.Release MFC Static Unicode|Win32.ActiveCfg = Release|Win32
		{DF7D017C-AE43-428E-A575-A329D951529F}.Release MFC Static Unicode|Win32.Build.0 = Release|Win32
		{DF7D017C-AE43-428E-A575-A329D951529F}.Release MFC Static|Win32.ActiveCfg = Release|Win32
		{DF7D017C-AE43-428E-A575-A329D951529F}.Release MFC Static|Win32.Build.0 = Release|Win32
		{DF7D017C-AE43-428E-A575-A329D951529F}.Release Unicode|Win32.ActiveCfg = Release|Win32
		{DF7D017C-AE43-428E-A575-A329D951529F}.Release Unicode|Win32.Build.0 = Release|Win32
		{DF7D017C-AE43-428E-A575-A329D951529F}.Release|Win32.ActiveCfg = Release|Win32
		{DF7D017C-AE43-428E-A575-A329D951529F}.Release|Win32.Build.0 = Release|Win32
		{8E2AA109-176D-4DCC-81B3-078AFD3A5138}.Debug Unicode|Win32.ActiveCfg = Debug|Win32
		{8E2AA109-176D-4DCC-81B3-078AFD3A5138}.Debug|Win32.ActiveCfg = Debug|Win32
		{8E2AA109-176D-4DCC-81B3-078AFD3A5138}.Release MFC Static Unicode|Win32.ActiveCfg = Release|Win32
		{8E2AA109-176D-4DCC-81B3-078AFD3A5138}.Release MFC Static|Win32.ActiveCfg = Release|Win32
		{8E2AA109-176D-4DCC-81B3-078AFD3A5138}.Release Unicode|Win32.ActiveCfg = Release|Win32
		{8E2AA109-176D-4DCC-81B3-078AFD3A5138}.Release|Win32.ActiveCfg = Release|Win32
		{E32EA49A-59D4-4898-805F-1732B2F4D302}.Debug Unicode|Win32.ActiveCfg = Debug|Win32
		{E32EA49A-59D4-4898-805F-1732B2F4D302}.Debug|Win32.ActiveCfg = Debug|Win32
		{E32EA49A-59D4-4898-805F-1732B2F4D302}.Release MFC Static Unicode|Win32.ActiveCfg = Release|Win32
		{E32EA49A-59D4-4898-805F-1732B2F4D302}.Release MFC Static|Win32.ActiveCfg = Release|Win32
		{E32EA49A-59D4-4898-805F-1732B2F4D302}.Release Unicode|Win32.ActiveCfg = Release|Win32
		{E32EA49A-59D4-4898-805F-1732B2F4D302}.Release|Win32.ActiveCfg = Release|Win32
		{553F5B8A-CB70-4766-9EFC-222748AAA006}.Debug Unicode|Win32.ActiveCfg = Debug|Win32
		{553F5B8A-CB70-4766-9EFC-222748AAA006}.Debug|Win32.ActiveCfg = Debug|Win32
		{553F5B8A-CB70-4766-9EFC-222748AAA006}.Release MFC Static Unicode|Win32.ActiveCfg = Release|Win32
		{553F5B8A-CB70-4766-9EFC-222748AAA006}.Release MFC Static|Win32.ActiveCfg = Release|Win32
		{553F5B8A-CB70-4766-9EFC-222748AAA006}.Release Unicode|Win32.ActiveCfg = Release|Win32
		{553F5B8A-CB70-4766-9EFC-222748AAA006}.Release|Win32.ActiveCfg = Release|Win32
		{839F0F46-8C0A-425D-B70A-40A1D8ACBE90}.Debug Unicode|Win32.ActiveCfg = Debug|Win32
		{839F0F46-8C0A-425D-B70A-40A1D8ACBE90}.Debug|Win32.ActiveCfg = Debug|Win32
		{839F0F46-8C0A-425D-B70A-40A1D8ACBE90}.Release MFC Static Unicode|Win32.ActiveCfg = Release|Win32
		{839F0F46-8C0A-425D-B70A-40A1D8ACBE90}.Release MFC Static|Win32.ActiveCfg = Release|Win32
		{839F0F46-8C0A-425D-B70A-40A1D8ACBE90}.Release Unicode|Win32.ActiveCfg = Release|Win32
		{839F0F46-8C0A-425D-B70A-40A1D8ACBE90}.Release|Win32.ActiveCfg = Release|Win32
		{97C153A5-A4F6-4AD7-971B-F6C747558AC4}.Debug Unicode|Win32.ActiveCfg = Debug|Win32
		{97C153A5-A4F6-4AD7-971B-F6C747558AC4}.Debug|Win32.ActiveCfg = Debug|Win32
		{97C153A5-A4F6-4AD7-971B-F6C747558AC4}.Release MFC Static Unicode|Win32.ActiveCfg = Release|Win32
		{97C153A5-A4F6-4AD7-971B-F6C747558AC4}.Release MFC Static|Win32.ActiveCfg = Release|Win32
		{97C153A5-A4F6-4AD7-971B-F6C747558AC4}.Release Unicode|Win32.ActiveCfg = Release|Win32
		{97C153A5-A4F6-4AD7-971B-F6C747558AC4}.Release|Win32.ActiveCfg = Release|Win32
		{F80DCDF9-D001-47F7-97D5-26EF62BF91AF}.Debug Unicode|Win32.ActiveCfg = Debug|Win32
		{F80DCDF9-D001-47F7-97D5-26EF62BF91AF}.Debug|Win32.ActiveCfg = Debug|Win32
		{F80DCDF9-D001-47F7-97D5-26EF62BF91AF}.Release MFC Static Unicode|Win32.ActiveCfg = Release|Win32
		{F80DCDF9-D001-47F7-97D5-26EF62BF91AF}.Release MFC Static|Win32.ActiveCfg = Release|Win32
		{F80DCDF9-D001-47F7-97D5-26EF62BF91AF}.Release Unicode|Win32.ActiveCfg = Release|Win32
		{F80DCDF9-D001-47F7-97D5-26EF62BF91AF}.Release|Win32.ActiveCfg = Release|Win32
		{2E6C70BF-E9CA-416A-B341-2B8550919D9E}.Debug Unicode|Win32.ActiveCfg = Debug|Win32
		{2E6C70BF-E9CA-416A-B341-2B8550919D9E}.Debug|Win32.ActiveCfg = Debug|Win32
		{2E6C70BF-E9CA-416A-B341-2B8550919D9E}.Release MFC Static Unicode|Win32.ActiveCfg = Release|Win32
		{2E6C70BF-E9CA-416A-B341-2B8550919D9E}.Release MFC Static|Win32.ActiveCfg = Release|Win32
		{2E6C70BF-E9CA-416A-B341-2B8550919D9E}.Release Unicode|Win32.ActiveCfg = Release|Win32
		{2E6C70BF-E9CA-416A-B341-2B8550919D9E}.Release|Win32.ActiveCfg = Release|Win32
		{3632B1A3-8D3C-468B-8AA7-1BAC8A367ED5}.Debug Unicode|Win32.ActiveCfg = Debug|Win32
		{3632B1A3-8D3C-468B-8AA7-1BAC8A367ED5}.Debug|Win32.ActiveCfg = Debug|Win32
		{3632B1A3-8D3C-468B-8AA7-1BAC8A367ED5}.Release MFC Static Unicode|Win32.ActiveCfg = Release|Win32
		{3632B1A3-8D3C-468B-8AA7-1BAC8A367ED5}.Release MFC Static|Win32.ActiveCfg = Release|Win32
		{3632B1A3-8D3C-468B-8AA7-1BAC8A367ED5}.Release Unicode|Win32.ActiveCfg = Release|Win32
		{3632B1A3-8D3C-468B-8AA7-1BAC8A367ED5}.Release|Win32.ActiveCfg = Release|Win32
		{43FF5741-2BA4-4191-A0E3-DB8BC27685CB}.Debug Unicode|Win32.ActiveCfg = Debug Unicode|Win32
		{43FF5741-2BA4-4191-A0E3-DB8BC27685CB}.Debug|Win32.ActiveCfg = Debug|Win32
		{43FF5741-2BA4-4191-A0E3-DB8BC27685CB}.Release MFC Static Unicode|Win32.ActiveCfg = Release|Win32
		{43FF5741-2BA4-4191-A0E3-DB8BC27685CB}.Release MFC Static|Win32.ActiveCfg = Release|Win32
		{43FF5741-2BA4-4191-A0E3-DB8BC27685CB}.Release Unicode|Win32.ActiveCfg = Release|Win32
		{43FF5741-2BA4-4191-A0E3-DB8BC27685CB}.Release|Win32.ActiveCfg = Release|Win32
		{CE210F14-2644-487C-86CA-1E2CB2E04490}.Debug Unicode|Win32.ActiveCfg = Debug|Win32
		{CE210F14-2644-487C-86CA-1E2CB2E04490}.Debug|Win32.ActiveCfg = Debug|Win32
		{CE210F14-2644-487C-86CA-1E2CB2E04490}.Release MFC Static Unicode|Win32.ActiveCfg = Release|Win32
		{CE210F14-2644-487C-86CA-1E2CB2E04490}.Release MFC Static|Win32.ActiveCfg = Release|Win32
		{CE210F14-2644-487C-86CA-1E2CB2E04490}.Release Unicode|Win32.ActiveCfg = Release|Win32
		{CE210F14-2644-487C-86CA-1E2CB2E04490}.Release|Win32.ActiveCfg = Release|Win32
		{5F7A1684-E791-4F70-A24F-FC6726273512}.Debug Unicode|Win32.ActiveCfg = Debug|Win32
		{5F7A1684-E791-4F70-A24F-FC6726273512}.Debug|Win32.ActiveCfg = Debug|Win32
		{5F7A1684-E791-4F70-A24F-FC6726273512}.Release MFC Static Unicode|Win32.ActiveCfg = Release|Win32
		{5F7A1684-E791-4F70-A24F-FC6726273512}.Release MFC Static|Win32.ActiveCfg = Release|Win32
		{5F7A1684-E791-4F70-A24F-FC6726273512}.Release Unicode|Win32.ActiveCfg = Release|Win32
		{5F7A1684-E791-4F70-A24F-FC6726273512}.Release|Win32.ActiveCfg = Release|Win32
	EndGlobalSection
	GlobalSection(SolutionProperties) = preSolution
		HideSolutionNode = FALSE
	EndGlobalSection
EndGlobal
