<?xml version="1.0" encoding="utf-8"?>
<Project ToolsVersion="4.0" xmlns="http://schemas.microsoft.com/developer/msbuild/2003">
  <ItemGroup>
    <Filter Include="Source Files">
      <UniqueIdentifier>{bd664a74-9a72-442b-8822-dacfd17a70e6}</UniqueIdentifier>
      <Extensions>cpp;c;cxx;rc;def;r;odl;idl;hpj;bat</Extensions>
    </Filter>
    <Filter Include="Source Files\Components">
      <UniqueIdentifier>{e44cf921-7549-41ff-8d5f-d5d478443924}</UniqueIdentifier>
    </Filter>
    <Filter Include="Header Files">
      <UniqueIdentifier>{dca5c7e1-7a72-4ade-817d-f192d5e678b9}</UniqueIdentifier>
      <Extensions>h;hpp;hxx;hm;inl</Extensions>
    </Filter>
    <Filter Include="Header Files\Components">
      <UniqueIdentifier>{fec6bdc2-f0d9-40d9-8ffb-8303ce934f95}</UniqueIdentifier>
    </Filter>
    <Filter Include="Resource Files">
      <UniqueIdentifier>{751e9435-b782-473a-8738-2f6278107259}</UniqueIdentifier>
      <Extensions>ico;cur;bmp;dlg;rc2;rct;bin;rgs;gif;jpg;jpeg;jpe</Extensions>
    </Filter>
  </ItemGroup>
  <ItemGroup>
    <ClCompile Include="About.cpp">
      <Filter>Source Files</Filter>
    </ClCompile>
    <ClCompile Include="AccelParser.cpp">
      <Filter>Source Files</Filter>
    </ClCompile>
    <ClCompile Include="BrowserFrm.cpp">
      <Filter>Source Files</Filter>
    </ClCompile>
    <ClCompile Include="BrowserFrmTab.cpp">
      <Filter>Source Files</Filter>
    </ClCompile>
    <ClCompile Include="BrowserGlue.cpp">
      <Filter>Source Files</Filter>
    </ClCompile>
    <ClCompile Include="BrowserImpl.cpp">
      <Filter>Source Files</Filter>
    </ClCompile>
    <ClCompile Include="BrowserImplCtxMenuLstnr.cpp">
      <Filter>Source Files</Filter>
    </ClCompile>
    <ClCompile Include="BrowserImplWebPrgrsLstnr.cpp">
      <Filter>Source Files</Filter>
    </ClCompile>
    <ClCompile Include="BrowserView.cpp">
      <Filter>Source Files</Filter>
    </ClCompile>
    <ClCompile Include="BrowserViewPanning.cpp">
      <Filter>Source Files</Filter>
    </ClCompile>
    <ClCompile Include="BrowserViewUtils.cpp">
      <Filter>Source Files</Filter>
    </ClCompile>
    <ClCompile Include="BrowserWindow.cpp">
      <Filter>Source Files</Filter>
    </ClCompile>
    <ClCompile Include="CmdLine.cpp">
      <Filter>Source Files</Filter>
    </ClCompile>
    <ClCompile Include="CookiesViewerDlg.cpp">
      <Filter>Source Files</Filter>
    </ClCompile>
    <ClCompile Include="defineMap.cpp">
      <Filter>Source Files</Filter>
    </ClCompile>
    <ClCompile Include="Dialogs.cpp">
      <Filter>Source Files</Filter>
    </ClCompile>
    <ClCompile Include="FavIconList.cpp">
      <Filter>Source Files</Filter>
    </ClCompile>
    <ClCompile Include="GenericDlg.cpp">
      <Filter>Source Files</Filter>
    </ClCompile>
    <ClCompile Include="HiddenWnd.cpp">
      <Filter>Source Files</Filter>
    </ClCompile>
    <ClCompile Include="KmCommand.cpp">
      <Filter>Source Files</Filter>
    </ClCompile>
    <ClCompile Include="KmMenu.cpp">
      <Filter>Source Files</Filter>
    </ClCompile>
    <ClCompile Include="LangParser.cpp">
      <Filter>Source Files</Filter>
    </ClCompile>
    <ClCompile Include="MenuParser.cpp">
      <Filter>Source Files</Filter>
    </ClCompile>
    <ClCompile Include="MfcEmbed.cpp">
      <Filter>Source Files</Filter>
    </ClCompile>
    <ClCompile Include="MostRecentUrls.cpp">
      <Filter>Source Files</Filter>
    </ClCompile>
    <ClCompile Include="MozUtils.cpp">
      <Filter>Source Files</Filter>
    </ClCompile>
    <ClCompile Include="Parser.cpp">
      <Filter>Source Files</Filter>
    </ClCompile>
    <ClCompile Include="PasswordViewerDlg.cpp">
      <Filter>Source Files</Filter>
    </ClCompile>
    <ClCompile Include="Permissions.cpp">
      <Filter>Source Files</Filter>
    </ClCompile>
    <ClCompile Include="Plugins.cpp">
      <Filter>Source Files</Filter>
    </ClCompile>
    <ClCompile Include="Preferences.cpp">
      <Filter>Source Files</Filter>
    </ClCompile>
    <ClCompile Include="PreferencesDlg.cpp">
      <Filter>Source Files</Filter>
    </ClCompile>
    <ClCompile Include="PrintProgressDialog.cpp">
      <Filter>Source Files</Filter>
    </ClCompile>
    <ClCompile Include="PrintSetupDialog.cpp">
      <Filter>Source Files</Filter>
    </ClCompile>
    <ClCompile Include="ProfileMgr.cpp">
      <Filter>Source Files</Filter>
    </ClCompile>
    <ClCompile Include="ProfilesDlg.cpp">
      <Filter>Source Files</Filter>
    </ClCompile>
    <ClCompile Include="ReBarEx.cpp">
      <Filter>Source Files</Filter>
    </ClCompile>
    <ClCompile Include="SaveAsHandler.cpp">
      <Filter>Source Files</Filter>
    </ClCompile>
    <ClCompile Include="SideBar.cpp">
      <Filter>Source Files</Filter>
    </ClCompile>
    <ClCompile Include="StdAfx.cpp">
      <Filter>Source Files</Filter>
    </ClCompile>
    <ClCompile Include="TabReBar.cpp">
      <Filter>Source Files</Filter>
    </ClCompile>
    <ClCompile Include="ToolBarEx.cpp">
      <Filter>Source Files</Filter>
    </ClCompile>
    <ClCompile Include="Tooltips.cpp">
      <Filter>Source Files</Filter>
    </ClCompile>
    <ClCompile Include="urlbar.cpp">
      <Filter>Source Files</Filter>
    </ClCompile>
    <ClCompile Include="Utils.cpp">
      <Filter>Source Files</Filter>
    </ClCompile>
    <ClCompile Include="VisualStylesXP.cpp">
      <Filter>Source Files</Filter>
    </ClCompile>
    <ClCompile Include="Components.cpp">
      <Filter>Source Files\Components</Filter>
    </ClCompile>
    <ClCompile Include="CookiePromptService.cpp">
      <Filter>Source Files\Components</Filter>
    </ClCompile>
    <ClCompile Include="GenKeyPairDialogs.cpp">
      <Filter>Source Files\Components</Filter>
    </ClCompile>
    <ClCompile Include="NSSDialogs.cpp">
      <Filter>Source Files\Components</Filter>
    </ClCompile>
    <ClCompile Include="PromptService.cpp">
      <Filter>Source Files\Components</Filter>
    </ClCompile>
    <ClCompile Include="TooltipsProvider.cpp">
      <Filter>Source Files\Components</Filter>
    </ClCompile>
    <ClCompile Include="UnknownContentTypeHandler.cpp">
      <Filter>Source Files\Components</Filter>
    </ClCompile>
    <ClCompile Include="KmAppInfo.cpp">
      <Filter>Source Files\Components</Filter>
    </ClCompile>
    <ClCompile Include="KmAbout.cpp">
      <Filter>Source Files\Components</Filter>
    </ClCompile>
    <ClCompile Include="KmFileLocProvider.cpp">
      <Filter>Source Files</Filter>
    </ClCompile>
  </ItemGroup>
  <ItemGroup>
    <ClInclude Include="About.h">
      <Filter>Header Files</Filter>
    </ClInclude>
    <ClInclude Include="AccelParser.h">
      <Filter>Header Files</Filter>
    </ClInclude>
    <ClInclude Include="BrowserFrm.h">
      <Filter>Header Files</Filter>
    </ClInclude>
    <ClInclude Include="BrowserFrmTab.h">
      <Filter>Header Files</Filter>
    </ClInclude>
    <ClInclude Include="BrowserImpl.h">
      <Filter>Header Files</Filter>
    </ClInclude>
    <ClInclude Include="BrowserView.h">
      <Filter>Header Files</Filter>
    </ClInclude>
    <ClInclude Include="BrowserWindow.h">
      <Filter>Header Files</Filter>
    </ClInclude>
    <ClInclude Include="CmdLine.h">
      <Filter>Header Files</Filter>
    </ClInclude>
    <ClInclude Include="Cookies.h">
      <Filter>Header Files</Filter>
    </ClInclude>
    <ClInclude Include="CookiesViewerDlg.h">
      <Filter>Header Files</Filter>
    </ClInclude>
    <ClInclude Include="Dialogs.h">
      <Filter>Header Files</Filter>
    </ClInclude>
    <ClInclude Include="FavIconList.h">
      <Filter>Header Files</Filter>
    </ClInclude>
    <ClInclude Include="GenericDlg.h">
      <Filter>Header Files</Filter>
    </ClInclude>
    <ClInclude Include="HiddenWnd.h">
      <Filter>Header Files</Filter>
    </ClInclude>
    <ClInclude Include="IBrowserFrameGlue.h">
      <Filter>Header Files</Filter>
    </ClInclude>
    <ClInclude Include="KmCommand.h">
      <Filter>Header Files</Filter>
    </ClInclude>
    <ClInclude Include="kmeleon_plugin.h">
      <Filter>Header Files</Filter>
    </ClInclude>
    <ClInclude Include="KmeleonConst.h">
      <Filter>Header Files</Filter>
    </ClInclude>
    <ClInclude Include="KmMenu.h">
      <Filter>Header Files</Filter>
    </ClInclude>
    <ClInclude Include="LangParser.h">
      <Filter>Header Files</Filter>
    </ClInclude>
    <ClInclude Include="Log.h">
      <Filter>Header Files</Filter>
    </ClInclude>
    <ClInclude Include="MenuParser.h">
      <Filter>Header Files</Filter>
    </ClInclude>
    <ClInclude Include="MfcEmbed.h">
      <Filter>Header Files</Filter>
    </ClInclude>
    <ClInclude Include="MozUtils.h">
      <Filter>Header Files</Filter>
    </ClInclude>
    <ClInclude Include="PasswordViewerDlg.h">
      <Filter>Header Files</Filter>
    </ClInclude>
    <ClInclude Include="Permissions.h">
      <Filter>Header Files</Filter>
    </ClInclude>
    <ClInclude Include="Plugins.h">
      <Filter>Header Files</Filter>
    </ClInclude>
    <ClInclude Include="Preferences.h">
      <Filter>Header Files</Filter>
    </ClInclude>
    <ClInclude Include="PrintProgressDialog.h">
      <Filter>Header Files</Filter>
    </ClInclude>
    <ClInclude Include="PrintSetupDialog.h">
      <Filter>Header Files</Filter>
    </ClInclude>
    <ClInclude Include="ProfileMgr.h">
      <Filter>Header Files</Filter>
    </ClInclude>
    <ClInclude Include="ProfilesDlg.h">
      <Filter>Header Files</Filter>
    </ClInclude>
    <ClInclude Include="ReBarEx.h">
      <Filter>Header Files</Filter>
    </ClInclude>
    <ClInclude Include="Resource.h">
      <Filter>Header Files</Filter>
    </ClInclude>
    <ClInclude Include="SaveAsHandler.h">
      <Filter>Header Files</Filter>
    </ClInclude>
    <ClInclude Include="SideBar.h">
      <Filter>Header Files</Filter>
    </ClInclude>
    <ClInclude Include="StdAfx.h">
      <Filter>Header Files</Filter>
    </ClInclude>
    <ClInclude Include="TabReBar.h">
      <Filter>Header Files</Filter>
    </ClInclude>
    <ClInclude Include="ToolBarEx.h">
      <Filter>Header Files</Filter>
    </ClInclude>
    <ClInclude Include="Tooltips.h">
      <Filter>Header Files</Filter>
    </ClInclude>
    <ClInclude Include="urlbar.h">
      <Filter>Header Files</Filter>
    </ClInclude>
    <ClInclude Include="Utils.h">
      <Filter>Header Files</Filter>
    </ClInclude>
    <ClInclude Include="version.h">
      <Filter>Header Files</Filter>
    </ClInclude>
    <ClInclude Include="VisualStylesXP.h">
      <Filter>Header Files</Filter>
    </ClInclude>
    <ClInclude Include="CookiePromptService.h">
      <Filter>Header Files\Components</Filter>
    </ClInclude>
    <ClInclude Include="FontPackageHandler.h">
      <Filter>Header Files\Components</Filter>
    </ClInclude>
    <ClInclude Include="GenKeyPairDialogs.h">
      <Filter>Header Files\Components</Filter>
    </ClInclude>
    <ClInclude Include="NSSDialogs.h">
      <Filter>Header Files\Components</Filter>
    </ClInclude>
    <ClInclude Include="PromptService.h">
      <Filter>Header Files\Components</Filter>
    </ClInclude>
    <ClInclude Include="TooltipsProvider.h">
      <Filter>Header Files\Components</Filter>
    </ClInclude>
    <ClInclude Include="UnknownContentTypeHandler.h">
      <Filter>Header Files\Components</Filter>
    </ClInclude>
    <ClInclude Include="KmAppInfo.h">
      <Filter>Header Files\Components</Filter>
    </ClInclude>
    <ClInclude Include="AutoComplete.h">
      <Filter>Header Files</Filter>
    </ClInclude>
    <ClInclude Include="KmAbout.h">
      <Filter>Header Files\Components</Filter>
    </ClInclude>
    <ClInclude Include="KmFileLocProvider.h">
      <Filter>Header Files</Filter>
    </ClInclude>
  </ItemGroup>
  <ItemGroup>
    <None Include="res\back.bmp">
      <Filter>Resource Files</Filter>
    </None>
    <None Include="res\broken.ico">
      <Filter>Resource Files</Filter>
    </None>
    <None Include="res\Cursor_10.cur">
      <Filter>Resource Files</Filter>
    </None>
    <None Include="res\Cursor_11.cur">
      <Filter>Resource Files</Filter>
    </None>
    <None Include="res\Cursor_12.cur">
      <Filter>Resource Files</Filter>
    </None>
    <None Include="res\Cursor_13.cur">
      <Filter>Resource Files</Filter>
    </None>
    <None Include="res\Cursor_14.cur">
      <Filter>Resource Files</Filter>
    </None>
    <None Include="res\Cursor_15.cur">
      <Filter>Resource Files</Filter>
    </None>
    <None Include="res\Cursor_16.cur">
      <Filter>Resource Files</Filter>
    </None>
    <None Include="res\Cursor_17.cur">
      <Filter>Resource Files</Filter>
    </None>
    <None Include="res\Cursor_27.cur">
      <Filter>Resource Files</Filter>
    </None>
    <None Include="res\KmeleonDocument.ico">
      <Filter>Resource Files</Filter>
    </None>
    <None Include="res\MozillaBrowser.ico">
      <Filter>Resource Files</Filter>
    </None>
    <None Include="res\off.ico">
      <Filter>Resource Files</Filter>
    </None>
    <None Include="res\offcheck.ico">
      <Filter>Resource Files</Filter>
    </None>
    <None Include="res\on.ico">
      <Filter>Resource Files</Filter>
    </None>
    <None Include="res\oncheck.ico">
      <Filter>Resource Files</Filter>
    </None>
    <None Include="res\popupblock.ico">
      <Filter>Resource Files</Filter>
    </None>
    <None Include="res\sinsecur.ico">
      <Filter>Resource Files</Filter>
    </None>
    <None Include="res\ssecur.ico">
      <Filter>Resource Files</Filter>
    </None>
    <None Include="res\toolbar1.bmp">
      <Filter>Resource Files</Filter>
    </None>
  </ItemGroup>
  <ItemGroup>
    <ResourceCompile Include="MfcEmbed.rc">
      <Filter>Resource Files</Filter>
    </ResourceCompile>
  </ItemGroup>
</Project>